
Microsoft Visual Studio Solution File, Format Version 12.00
# Visual Studio Version 17
VisualStudioVersion = 17.0.32014.148
MinimumVisualStudioVersion = 10.0.40219.1
Project("{FAE04EC0-301F-11D3-BF4B-00C04F79EFBC}") = "AssignmentProject", "AssignmentProject\AssignmentProject.csproj", "{8269AC79-4C83-4610-A71B-2FB86F9523FC}"
EndProject
Project("{FAE04EC0-301F-11D3-BF4B-00C04F79EFBC}") = "AssignmentProject.Business", "AssignmentProject.Business\AssignmentProject.Business.csproj", "{ACB50B19-A53E-47F9-BFA2-480389186D26}"
EndProject
Project("{FAE04EC0-301F-11D3-BF4B-00C04F79EFBC}") = "AssignmentProject.Model", "AssignmentProject.Model\AssignmentProject.Model.csproj", "{0DE972B7-A541-4262-98BA-FFEF102711EB}"
EndProject
Global
	GlobalSection(SolutionConfigurationPlatforms) = preSolution
		Debug|Any CPU = Debug|Any CPU
		Release|Any CPU = Release|Any CPU
	EndGlobalSection
	GlobalSection(ProjectConfigurationPlatforms) = postSolution
		{8269AC79-4C83-4610-A71B-2FB86F9523FC}.Debug|Any CPU.ActiveCfg = Debug|Any CPU
		{8269AC79-4C83-4610-A71B-2FB86F9523FC}.Debug|Any CPU.Build.0 = Debug|Any CPU
		{8269AC79-4C83-4610-A71B-2FB86F9523FC}.Release|Any CPU.ActiveCfg = Release|Any CPU
		{8269AC79-4C83-4610-A71B-2FB86F9523FC}.Release|Any CPU.Build.0 = Release|Any CPU
		{ACB50B19-A53E-47F9-BFA2-480389186D26}.Debug|Any CPU.ActiveCfg = Debug|Any CPU
		{ACB50B19-A53E-47F9-BFA2-480389186D26}.Debug|Any CPU.Build.0 = Debug|Any CPU
		{ACB50B19-A53E-47F9-BFA2-480389186D26}.Release|Any CPU.ActiveCfg = Release|Any CPU
		{ACB50B19-A53E-47F9-BFA2-480389186D26}.Release|Any CPU.Build.0 = Release|Any CPU
		{0DE972B7-A541-4262-98BA-FFEF102711EB}.Debug|Any CPU.ActiveCfg = Debug|Any CPU
		{0DE972B7-A541-4262-98BA-FFEF102711EB}.Debug|Any CPU.Build.0 = Debug|Any CPU
		{0DE972B7-A541-4262-98BA-FFEF102711EB}.Release|Any CPU.ActiveCfg = Release|Any CPU
		{0DE972B7-A541-4262-98BA-FFEF102711EB}.Release|Any CPU.Build.0 = Release|Any CPU
	EndGlobalSection
	GlobalSection(SolutionProperties) = preSolution
		HideSolutionNode = FALSE
	EndGlobalSection
	GlobalSection(ExtensibilityGlobals) = postSolution
		SolutionGuid = {51DA63EB-24A6-4EEA-9567-BCF0FE5231F8}
	EndGlobalSection
EndGlobal
